cloud.google.com/go v0.34.0 h1:eOI3/cP2VTU6uZLDYAoic+eyzzB9YyGmJ7eIjl8rOPg=
cloud.google.com/go v0.34.0/go.mod h1:aQUYkXzVsufM+DwF1aE+0xfcU+56JwCaLick0ClmMTw=
github.com/beorn7/perks v0.0.0-20160804104726-4c0e84591b9a h1:BtpsbiV638WQZwhA98cEZw2BsbnQJrbd0BI7tsy0W1c=
github.com/beorn7/perks v0.0.0-20160804104726-4c0e84591b9a/go.mod h1:Dwedo/Wpr24TaqPxmxbtue+5NUziq4I4S80YR8gNf3Q=
github.com/coreos/etcd v3.1.0-rc.1.0.20161123195148-c31b1ab8d18f+incompatible h1:84AT0o7xVJcyxfUAcm0IfTHpQ2qbYUKXfQBKlw5wZSw=
github.com/coreos/etcd v3.1.0-rc.1.0.20161123195148-c31b1ab8d18f+incompatible/go.mod h1:uF7uidLiAD3TWHmW31ZFd/JWoc32PjwdhPthX9715RE=
github.com/coreos/go-semver v0.2.0 h1:3Jm3tLmsgAYcjC+4Up7hJrFBPr+n7rAqYeSw/SZazuY=
github.com/coreos/go-semver v0.2.0/go.mod h1:nnelYz7RCh+5ahJtPPxZlU+153eP4D4r3EedlOD2RNk=
github.com/coreos/go-systemd v0.0.0-20161123113442-efa0506b99d3 h1:CWuanlecXzMu7HOsVAArcIOv8Q3+8mIOIo+6q03dyZY=
github.com/coreos/go-systemd v0.0.0-20161123113442-efa0506b99d3/go.mod h1:F5haX7vjVVG0kc13fIWeqUViNPyEJxv/OmvnBo0Yme4=
github.com/glacjay/goini v0.0.0-20161120062552-fd3024d87ee2 h1:+SEORW3KptcFnlhTbn7N0drG3AFnrcmBDWDyQ3Bt06o=
github.com/glacjay/goini v0.0.0-20161120062552-fd3024d87ee2/go.mod h1:1vW2LGZb8uLSqmYBOdxvhiwATuLtmyUTMezM3cHrIHQ=
github.com/godbus/dbus v4.0.1-0.20161118042915-097c117a8cd6+incompatible h1:o3L1Oosb8wxDv/l+YYt4CGNe8FARfSHEIkV29r1tGwQ=
github.com/godbus/dbus v4.0.1-0.20161118042915-097c117a8cd6+incompatible/go.mod h1:/YcGZj5zSblfDWMMoOzV4fas9FZnQYTkDnsGvmh2Grw=
github.com/gogo/protobuf v0.0.0-20161105095113-8d70fb3182be h1:OAS427ybaaC8kQtUIM62cvbjg3Xw3joAYpVl4Zh5KMo=
github.com/gogo/protobuf v0.0.0-20161105095113-8d70fb3182be/go.mod h1:r8qH/GZQm5c6nD/R0oafs1akxWv10x8SbQlK7atdtwQ=
github.com/golang/protobuf v1.2.0 h1:P3YflyNX/ehuJFLhxviNdFxQPkGK5cDcApsge1SqnvM=
github.com/golang/protobuf v1.2.0/go.mod h1:6lQm79b+lXiMfvg/cZm0SGofjICqVBUtrP5yJMmIC1U=
github.com/inconshreveable/mousetrap v1.0.0 h1:Z8tu5sraLXCXIcARxBp/8cbvlwVa7Z1NHg9XEKhtSvM=
github.com/inconshreveable/mousetrap v1.0.0/go.mod h1:PxqpIevigyE2G7u3NXJIT2ANytuPF1OarO4DADm73n8=
github.com/jonboulle/clockwork v0.1.1-0.20160907122059-bcac9884e750 h1:G8qmddS0sSR4FDQRtMJN64yjdlIJT71d+ObJXuujcY0=
github.com/jonboulle/clockwork v0.1.1-0.20160907122059-bcac9884e750/go.mod h1:Ii8DK3G1RaLaWxj9trq07+26W01tbo22gdxWY5EU2bo=
github.com/matttproud/golang_protobuf_extensions v1.0.1 h1:4hp9jkHxhMHkqkrB3Ix0jegS5sx/RkqARlsWZ6pIwiU=
github.com/matttproud/golang_protobuf_extensions v1.0.1/go.mod h1:D8He9yQNgCq6Z5Ld7szi9bcBfOoFv/3dc6xSMkL2PC0=
github.com/pborman/uuid v0.0.0-20161005151609-3d4f2ba23642 h1:J22llJ7OhnIIcOpVXVyG0DniMepToKlbCZrzcGbzwOE=
github.com/pborman/uuid v0.0.0-20161005151609-3d4f2ba23642/go.mod h1:VyrYX9gd7irzKovcSS6BIIEwPRkP2Wm2m9ufcdFSJ34=
github.com/prometheus/client_golang v0.8.1-0.20161124155732-575f371f7862 h1:VOgRS97yMNL1EmGAjwJVmwMpZ/ErKQUwLDKPmM3hVnE=
github.com/prometheus/client_golang v0.8.1-0.20161124155732-575f371f7862/go.mod h1:7SWBe2y4D6OKWSNQJUaRYU/AaXPKyh/dDVn+NZz0KFw=
github.com/prometheus/client_model v0.0.0-20150212101744-fa8ad6fec335 h1:0E/5GnGmzoDCtmzTycjGDWW33H0UBmAhR0h+FC8hWLs=
github.com/prometheus/client_model v0.0.0-20150212101744-fa8ad6fec335/go.mod h1:MbSGuTsp3dbXC40dX6PRTWyKYBIrTGTE9sqQNg2J8bo=
github.com/prometheus/common v0.0.0-20161114134743-0d5de9d6d862 h1:lwIy6DlN999vSMirNfNhYedUgEMQ+4BYXZybzaqvmZk=
github.com/prometheus/common v0.0.0-20161114134743-0d5de9d6d862/go.mod h1:daVV7qP5qjZbuso7PdcryaAu0sAZbrN9i7WWcTMWvro=
github.com/prometheus/procfs v0.0.0-20160411190841-abf152e5f3e9 h1:ex32PG6WhE5zviWS08vcXTwX2IkaH9zpeYZZvrmj3/U=
github.com/prometheus/procfs v0.0.0-20160411190841-abf152e5f3e9/go.mod h1:c3At6R/oaqEKCNdg8wHV1ftS6bRYblBhIjjI8uT2IGk=
github.com/rakyll/globalconf v0.0.0-20160919191948-7afbf15d8da4 h1:J+JnuUBZpbFvh7WWya0K/fk1Svxq0yskwYBasRuZWuQ=
github.com/rakyll/globalconf v0.0.0-20160919191948-7afbf15d8da4/go.mod h1:lvWGGAzNhA3ux6f0tkwQ94lLT69Nj/wTRg9781V7M3M=
github.com/spf13/cobra v0.0.0-20161116132053-9495bc009a56 h1:z69SCENDeO/uoIOmA+T9Blt1N2geI/TJIyNdQgp6rb4=
github.com/spf13/cobra v0.0.0-20161116132053-9495bc009a56/go.mod h1:1l0Ry5zgKvJasoi3XT1TypsSe7PqH0Sj9dhYf7v3XqQ=
github.com/spf13/pflag v0.0.0-20161024131444-5ccb023bc27d h1:cpV+7T5E6SXMwGmiItJzTK/37mX2aQj1uWCYWtO3q9U=
github.com/spf13/pflag v0.0.0-20161024131444-5ccb023bc27d/go.mod h1:DYY7MBk1bdzusC3SYhjObp+wFpr4gzcvqqNjLnInEg4=
github.com/ugorji/go v0.0.0-20151028022000-f1f1a805ed36 h1:vKlfv8sKDcjM5WIkcAzl5CZkKB8pppsrdmqczMTuapo=
github.com/ugorji/go v0.0.0-20151028022000-f1f1a805ed36/go.mod h1:hnLbHMwcvSihnDhEfx2/BzKp2xb0Y+ErdfYcrs9tkJQ=
github.com/vishvananda/netlink v0.0.0-20161123010705-a4f22d8ad232 h1:LuOAe2qf0EQlXEiN6ZFHpwDKyIXETv3+mn+hzcH+WDw=
github.com/vishvananda/netlink v0.0.0-20161123010705-a4f22d8ad232/go.mod h1:+SR5DhBJrl6ZM7CoCKvpw5BKroDKQ+PJqOg65H/2ktk=
github.com/vishvananda/netns v0.0.0-20160430053723-8ba1072b58e0 h1:3LFlY74a0V5YKdn9v2WTr7beXh4pscTJuqxs+cszCGA=
github.com/vishvananda/netns v0.0.0-20160430053723-8ba1072b58e0/go.mod h1:ZjcWmFBXmLKZu9Nxj3WKYEafiSqer2rnvPr0en9UNpI=
golang.org/x/crypto v0.0.0-20161122142712-ede567c8e044 h1:Y9XVmhDScJq6IYvBArLzE+WUYD+6DbkXWTLHb/JSH88=
golang.org/x/crypto v0.0.0-20161122142712-ede567c8e044/go.mod h1:6SG95UA2DQfeDnfUPMdvaQW0Q7yPrPDi9nlGo2tz2b4=
golang.org/x/net v0.0.0-20180724234803-3673e40ba225/go.mod h1:mL1N/T3taQHkDXs73rZJwtUhF3w3ftmwwsq0BUmARs4=
golang.org/x/net v0.0.0-20190108225652-1e06a53dbb7e h1:bRhVy7zSSasaqNksaRZiA5EEI+Ei4I1nO5Jh72wfHlg=
golang.org/x/net v0.0.0-20190108225652-1e06a53dbb7e/go.mod h1:mL1N/T3taQHkDXs73rZJwtUhF3w3ftmwwsq0BUmARs4=
golang.org/x/oauth2 v0.0.0-20190604053449-0f29369cfe45 h1:SVwTIAaPC2U/AvvLNZ2a7OVsmBpC8L5BlwK1whH3hm0=
golang.org/x/oauth2 v0.0.0-20190604053449-0f29369cfe45/go.mod h1:gOpvHmFTYa4IltrdGE7lF6nIHvwfUNPOp7c8zoXwtLw=
golang.org/x/sync v0.0.0-20181221193216-37e7f081c4d4/go.mod h1:RxMgew5VJxzue5/jJTE5uejpjVlOe/izrB70Jof72aM=
golang.org/x/sync v0.0.0-20190911185100-cd5d95a43a6e h1:vcxGaoTs7kV8m5Np9uUNQin4BrLOthgV7252N8V+FwY=
golang.org/x/sync v0.0.0-20190911185100-cd5d95a43a6e/go.mod h1:RxMgew5VJxzue5/jJTE5uejpjVlOe/izrB70Jof72aM=
golang.org/x/sys v0.0.0-20191029155521-f43be2a4598c h1:S/FtSvpNLtFBgjTqcKsRpsa6aVsI6iztaz1bQd9BJwE=
golang.org/x/sys v0.0.0-20191029155521-f43be2a4598c/go.mod h1:h1NjWce9XRLGQEsW7wpKNCjG9DtNlClVuFLEZdDNbEs=
golang.org/x/text v0.3.0 h1:g61tztE5qeGQ89tm6NTjjM9VPIm088od1l6aSorWRWg=
golang.org/x/text v0.3.0/go.mod h1:NqM8EUOU14njkJ3fqMW+pc6Ldnwhi/IjpwHt7yyuwOQ=
google.golang.org/api v0.0.0-20161121181240-c8d75a8ec737 h1:iEtC2fYiWgo7+Fo3qJjcBo5Lkn9FZ6Dqw6OOuBppDGk=
google.golang.org/api v0.0.0-20161121181240-c8d75a8ec737/go.mod h1:4mhQ8q/RsB7i+udVvVy5NUi08OU8ZlA0gRVgrF7VFY0=
google.golang.org/appengine v1.4.0 h1:/wp5JvzpHIxhs/dumFmF7BXTf3Z+dd4uXta4kVyO508=
google.golang.org/appengine v1.4.0/go.mod h1:xpcJRLb0r/rnEns0DIKYYv+WjYCduHsrkT7/EB5XEv4=
google.golang.org/grpc v1.0.4 h1:z0OeX9rXAZ6TisrR+Il+pCxXhwMKg1ckVgGZ1bZo3rA=
google.golang.org/grpc v1.0.4/go.mod h1:yo6s7OP7yaDglbqo1J04qKzAhqBH6lvTonzMVmEdcZw=
gopkg.in/check.v1 v0.0.0-20161208181325-20d25e280405 h1:yhCVgyC4o1eVCa2tZl7eS0r+SDo693bJlVdllGtEeKM=
gopkg.in/check.v1 v0.0.0-20161208181325-20d25e280405/go.mod h1:Co6ibVJAznAaIkqp8huTwlJQCZ016jof/cbN4VW5Yz0=
gopkg.in/yaml.v2 v2.2.4 h1:/eiJrUcujPVeJ3xlSWaiNi3uSVmDGBK1pDHUHAnao1I=
gopkg.in/yaml.v2 v2.2.4/go.mod h1:hI93XBmqTisBFMUTm0b8Fm+jr3Dg1NNxqwp+5A1VGuI=
